lockfileVersion: '9.0'

settings:
  autoInstallPeers: true
  excludeLinksFromLockfile: false

importers:

  .:
    devDependencies:
      supabase:
        specifier: ^2.105.0
        version: 2.105.0

packages:

  '@supabase/cli-darwin-arm64@2.105.0':
    resolution: {integrity: sha512-ptlLrggNCq7dndvY7ce0MIvCZRnAYXeyKC0H7c4DqQmCbOPZgSwD5a4E3RPrZS6TLeJPG7XhpuJarAU5PTf/9w==}
    cpu: [arm64]
    os: [darwin]

  '@supabase/cli-darwin-x64@2.105.0':
    resolution: {integrity: sha512-kJDYyy3UkXd4hDzo+duOzUk8yDqLEit8d/clBCiXNQFSJf96QCnG2iyrzT4dCDUk8UB3+g9xL1mH2EEuPHj7oA==}
    cpu: [x64]
    os: [darwin]

  '@supabase/cli-linux-arm64-musl@2.105.0':
    resolution: {integrity: sha512-45vxbXRwe/JUAjyvQ8oKO2o44IK3GunlVqeIWGzcDgaeMg5XO4x0i9+NGPvOvvhyMB4bgJ3cMxh/ovl1AM0GZA==}
    cpu: [arm64]
    os: [linux]

  '@supabase/cli-linux-arm64@2.105.0':
    resolution: {integrity: sha512-cdHgfIFElYkAjrp0aJPlQPTqQ9doSxB4qRswlGNsSYaLlK5Ns78rXsB7G71RRnyrzb41C183osRhVENWVrnK/w==}
    cpu: [arm64]
    os: [linux]

  '@supabase/cli-linux-x64-musl@2.105.0':
    resolution: {integrity: sha512-VnHn1NPn9Ov81BXFOx6FpHxbBT5e3ObaUxO7DR+LDGjh2wfMUj4E6Y863w+r0HJk0hi0mRH7u0U0dOrbBp4E+w==}
    cpu: [x64]
    os: [linux]

  '@supabase/cli-linux-x64@2.105.0':
    resolution: {integrity: sha512-rj1iU0h4EJaanx72eJtipiXczAY3gug9qxo62MYUZg2X1aaegFtyMS83fmjC7YlduW2Cu+zvgWoyTlA6R5Ndzg==}
    cpu: [x64]
    os: [linux]

  '@supabase/cli-windows-arm64@2.105.0':
    resolution: {integrity: sha512-b5xQ5dVkARZTBiSwLpPbwffRHvVDcO3ZvAtzz54J44KQdLD0TSrgoXZJBrI4Y3ggmG70EiITKPL8+rT6ptjXsQ==}
    cpu: [arm64]
    os: [win32]

  '@supabase/cli-windows-x64@2.105.0':
    resolution: {integrity: sha512-QmfqDQJ58ba/9+vzM8HJQsa/rY6OdtaaaAmPKwCMd8JUQ7758p8sydYe1vXTb4CCPdvk9qW2d/Dh54ucH4SPwg==}
    cpu: [x64]
    os: [win32]

  supabase@2.105.0:
    resolution: {integrity: sha512-UB2aFLYAVujTQsZ9l+aCbDfLNaZApZucByRNP/1j0L1pXXzFhSgEyZSrvHSUO5LIvOb09AGHWishL/usVTuHTg==}
    hasBin: true

snapshots:

  '@supabase/cli-darwin-arm64@2.105.0':
    optional: true

  '@supabase/cli-darwin-x64@2.105.0':
    optional: true

  '@supabase/cli-linux-arm64-musl@2.105.0':
    optional: true

  '@supabase/cli-linux-arm64@2.105.0':
    optional: true

  '@supabase/cli-linux-x64-musl@2.105.0':
    optional: true

  '@supabase/cli-linux-x64@2.105.0':
    optional: true

  '@supabase/cli-windows-arm64@2.105.0':
    optional: true

  '@supabase/cli-windows-x64@2.105.0':
    optional: true

  supabase@2.105.0:
    optionalDependencies:
      '@supabase/cli-darwin-arm64': 2.105.0
      '@supabase/cli-darwin-x64': 2.105.0
      '@supabase/cli-linux-arm64': 2.105.0
      '@supabase/cli-linux-arm64-musl': 2.105.0
      '@supabase/cli-linux-x64': 2.105.0
      '@supabase/cli-linux-x64-musl': 2.105.0
      '@supabase/cli-windows-arm64': 2.105.0
      '@supabase/cli-windows-x64': 2.105.0
